%{
  "bunt": {:hex, :bunt, "0.2.0", "951c6e801e8b1d2cbe58ebbd3e616a869061ddadcc4863d0a2182541acae9a38", [:mix], [], "hexpm", "7af5c7e09fe1d40f76c8e4f9dd2be7cebd83909f31fee7cd0e9eadc567da8353"},
  "cowboy": {:git, "https://github.com/emqx/cowboy", "3b6bdaf4f2e3c5b793a0c3cada2c3b74c3d5e885", [tag: "2.7.1"]},
  "cowlib": {:git, "https://github.com/ninenines/cowlib", "c6553f8308a2ca5dcd69d845f0a7d098c40c3363", [tag: "2.8.0"]},
  "credo": {:hex, :credo, "0.10.2", "03ad3a1eff79a16664ed42fc2975b5e5d0ce243d69318060c626c34720a49512", [:mix], [{:bunt, "~> 0.2.0", [hex: :bunt, repo: "hexpm", optional: false]}, {:jason, "~> 1.0", [hex: :jason, repo: "hexpm", optional: false]}], "hexpm", "539596b6774069260d5938aa73042a2f5157e1c0215aa35f5a53d83889546d14"},
  "cuttlefish": {:git, "https://github.com/emqx/cuttlefish", "dd28ae9173c56406794daa56e19d7b5f7b6ebbf0", [tag: "v3.0.0"]},
  "dialyxir": {:hex, :dialyxir, "0.5.1", "b331b091720fd93e878137add264bac4f644e1ddae07a70bf7062c7862c4b952", [:mix], [], "hexpm", "6c32a70ed5d452c6650916555b1f96c79af5fc4bf286997f8b15f213de786f73"},
  "earmark": {:hex, :earmark, "1.2.6", "b6da42b3831458d3ecc57314dff3051b080b9b2be88c2e5aa41cd642a5b044ed", [:mix], [], "hexpm", "b42a23e9bd92d65d16db2f75553982e58519054095356a418bb8320bbacb58b1"},
  "ekka": {:git, "https://github.com/emqx/ekka", "bbd91888b515cb07499e070c102fc382291366c9", [tag: "0.7.3"]},
  "elixir_uuid": {:hex, :elixir_uuid, "1.2.0", "ff26e938f95830b1db152cb6e594d711c10c02c6391236900ddd070a6b01271d", [:mix], [], "hexpm"},
  "emqttc": {:git, "https://github.com/emqtt/emqtt.git", "961e7b98182e1f34a5372a44d8c9e1b96a042d69", []},
  "eqc_ex": {:hex, :eqc_ex, "1.4.2", "c89322cf8fbd4f9ddcb18141fb162a871afd357c55c8c0198441ce95ffe2e105", [:mix], []},
  "esockd": {:git, "https://github.com/emqx/esockd", "87ac8aa52086d3a536b5c2805e1f944a00b05930", [tag: "5.7.1"]},
  "ex_doc": {:hex, :ex_doc, "0.19.1", "519bb9c19526ca51d326c060cb1778d4a9056b190086a8c6c115828eaccea6cf", [:mix], [{:earmark, "~> 1.1", [hex: :earmark, repo: "hexpm", optional: false]}, {:makeup_elixir, "~> 0.7", [hex: :makeup_elixir, repo: "hexpm", optional: false]}], "hexpm", "dc87f778d8260da0189a622f62790f6202af72f2f3dee6e78d91a18dd2fcd137"},
  "gen_logger": {:git, "https://github.com/emqtt/gen_logger.git", "e3c9c60b153642193319c793501b10c263d76477", [branch: "master"]},
  "gen_rpc": {:git, "https://github.com/emqx/gen_rpc", "fe2dd1d92a2b666e40c77dde95711a2e9317082a", [tag: "2.4.1"]},
  "getopt": {:git, "https://github.com/emqx/getopt.git", "215f2083408e1fe562d441aea6062bf5d9e1fb67", [tag: "v1.0.2"]},
  "goldrush": {:git, "https://github.com/basho/goldrush.git", "8f1b715d36b650ec1e1f5612c00e28af6ab0de82", [tag: "0.1.9"]},
  "gproc": {:git, "https://github.com/uwiger/gproc", "ce7397809aca0d6eb3aac6db65953752e47fb511", [tag: "0.8.0"]},
  "gun": {:hex, :gun, "1.3.0", "18e5d269649c987af95aec309f68a27ffc3930531dd227a6eaa0884d6684286e", [:rebar3], [{:cowlib, "~> 2.6.0", [hex: :cowlib, repo: "hexpm", optional: false]}], "hexpm"},
  "inch_ex": {:hex, :inch_ex, "1.0.1", "1f0af1a83cec8e56f6fc91738a09c838e858db3d78ef5f2ec040fe4d5a62dabf", [:mix], [{:poison, "~> 1.5 or ~> 2.0 or ~> 3.0", [hex: :poison, repo: "hexpm", optional: false]}], "hexpm", "08fd8a9205d3e1aefad9d7cb2a7f6b346e4a3e6ff09e139f6ec978f3a479ba14"},
  "jason": {:hex, :jason, "1.1.2", "b03dedea67a99223a2eaf9f1264ce37154564de899fd3d8b9a21b1a6fd64afe7", [:mix], [{:decimal, "~> 1.0", [hex: :decimal, repo: "hexpm", optional: true]}], "hexpm", "fdf843bca858203ae1de16da2ee206f53416bbda5dc8c9e78f43243de4bc3afe"},
  "jiffy": {:git, "https://github.com/emqx/jiffy", "43584606a37d13b47ef7b88ac11837a728fcadb6", [tag: "1.0.4"]},
  "lager": {:git, "https://github.com/basho/lager.git", "81eaef0ce98fdbf64ab95665e3bc2ec4b24c7dac", [branch: "master"]},
  "makeup": {:hex, :makeup, "0.5.5", "9e08dfc45280c5684d771ad58159f718a7b5788596099bdfb0284597d368a882", [:mix], [{:nimble_parsec, "~> 0.4", [hex: :nimble_parsec, repo: "hexpm", optional: false]}], "hexpm", "d7152ff93f2eac07905f510dfa03397134345ba4673a00fbf7119bab98632940"},
  "makeup_elixir": {:hex, :makeup_elixir, "0.10.0", "0f09c2ddf352887a956d84f8f7e702111122ca32fbbc84c2f0569b8b65cbf7fa", [:mix], [{:makeup, "~> 0.5.5", [hex: :makeup, repo: "hexpm", optional: false]}], "hexpm", "4a36dd2d0d5c5f98d95b3f410d7071cd661d5af310472229dd0e92161f168a44"},
  "nimble_parsec": {:hex, :nimble_parsec, "0.4.0", "ee261bb53214943679422be70f1658fff573c5d0b0a1ecd0f18738944f818efe", [:mix], [], "hexpm", "ebb595e19456a72786db6dcd370d320350cb624f0b6203fcc7e23161d49b0ffb"},
  "poison": {:hex, :poison, "3.1.0", "d9eb636610e096f86f25d9a46f35a9facac35609a7591b3be3326e99a0484665", [:mix], [], "hexpm", "fec8660eb7733ee4117b85f55799fd3833eb769a6df71ccf8903e8dc5447cfce"},
  "qmttc": {:git, "https://github.com/emqtt/emqttc.git", "d4cbc38808fec0bda30be245268e876283c0e49f", []},
  "ranch": {:git, "https://github.com/ninenines/ranch", "3190aef88aea04d6dce8545fe9b4574288903f44", [tag: "1.7.1"]},
  "ssl_verify_fun": {:git, "https://github.com/deadtrickster/ssl_verify_fun.erl.git", "c5718226b0b9f3d1a38ef6ca3c3b4c75f53dda92", [tag: "1.1.4"]},
  "uuid": {:hex, :uuid, "1.1.8", "e22fc04499de0de3ed1116b770c7737779f226ceefa0badb3592e64d5cfb4eb9", [:mix], [], "hexpm", "c790593b4c3b601f5dc2378baae7efaf5b3d73c4c6456ba85759905be792f2ac"},
}
