%{
  "bunt": {:hex, :bunt, "0.2.0", "951c6e801e8b1d2cbe58ebbd3e616a869061ddadcc4863d0a2182541acae9a38", [:mix], [], "hexpm", "7af5c7e09fe1d40f76c8e4f9dd2be7cebd83909f31fee7cd0e9eadc567da8353"},
  "credo": {:hex, :credo, "0.10.2", "03ad3a1eff79a16664ed42fc2975b5e5d0ce243d69318060c626c34720a49512", [:mix], [{:bunt, "~> 0.2.0", [hex: :bunt, repo: "hexpm", optional: false]}, {:jason, "~> 1.0", [hex: :jason, repo: "hexpm", optional: false]}], "hexpm", "539596b6774069260d5938aa73042a2f5157e1c0215aa35f5a53d83889546d14"},
  "dialyxir": {:hex, :dialyxir, "0.5.1", "b331b091720fd93e878137add264bac4f644e1ddae07a70bf7062c7862c4b952", [:mix], [], "hexpm", "6c32a70ed5d452c6650916555b1f96c79af5fc4bf286997f8b15f213de786f73"},
  "earmark_parser": {:hex, :earmark_parser, "1.4.10", "6603d7a603b9c18d3d20db69921527f82ef09990885ed7525003c7fe7dc86c56", [:mix], [], "hexpm", "8e2d5370b732385db2c9b22215c3f59c84ac7dda7ed7e544d7c459496ae519c0"},
  "emqttc": {:git, "https://github.com/emqx/emqtt", "1a0d45085b987bdca74a6efbdc18aa5af85bfc43", [ref: "1a0d45085b987bdca74a6efbdc18aa5af85bfc43"]},
  "ex_doc": {:hex, :ex_doc, "0.22.2", "03a2a58bdd2ba0d83d004507c4ee113b9c521956938298eba16e55cc4aba4a6c", [:mix], [{:earmark_parser, "~> 1.4.0", [hex: :earmark_parser, repo: "hexpm", optional: false]}, {:makeup_elixir, "~> 0.14", [hex: :makeup_elixir, repo: "hexpm", optional: false]}], "hexpm", "cf60e1b3e2efe317095b6bb79651f83a2c1b3edcb4d319c421d7fcda8b3aff26"},
  "inch_ex": {:hex, :inch_ex, "1.0.1", "1f0af1a83cec8e56f6fc91738a09c838e858db3d78ef5f2ec040fe4d5a62dabf", [:mix], [{:poison, "~> 1.5 or ~> 2.0 or ~> 3.0", [hex: :poison, repo: "hexpm", optional: false]}], "hexpm", "08fd8a9205d3e1aefad9d7cb2a7f6b346e4a3e6ff09e139f6ec978f3a479ba14"},
  "jason": {:hex, :jason, "1.2.1", "12b22825e22f468c02eb3e4b9985f3d0cb8dc40b9bd704730efa11abd2708c44", [:mix], [{:decimal, "~> 1.0", [hex: :decimal, repo: "hexpm", optional: true]}], "hexpm", "b659b8571deedf60f79c5a608e15414085fa141344e2716fbd6988a084b5f993"},
  "makeup": {:hex, :makeup, "1.0.3", "e339e2f766d12e7260e6672dd4047405963c5ec99661abdc432e6ec67d29ef95", [:mix], [{:nimble_parsec, "~> 0.5", [hex: :nimble_parsec, repo: "hexpm", optional: false]}], "hexpm", "2e9b4996d11832947731f7608fed7ad2f9443011b3b479ae288011265cdd3dad"},
  "makeup_elixir": {:hex, :makeup_elixir, "0.14.1", "4f0e96847c63c17841d42c08107405a005a2680eb9c7ccadfd757bd31dabccfb", [:mix], [{:makeup, "~> 1.0", [hex: :makeup, repo: "hexpm", optional: false]}], "hexpm", "f2438b1a80eaec9ede832b5c41cd4f373b38fd7aa33e3b22d9db79e640cbde11"},
  "nimble_parsec": {:hex, :nimble_parsec, "0.6.0", "32111b3bf39137144abd7ba1cce0914533b2d16ef35e8abc5ec8be6122944263", [:mix], [], "hexpm", "27eac315a94909d4dc68bc07a4a83e06c8379237c5ea528a9acff4ca1c873c52"},
  "poison": {:hex, :poison, "3.1.0", "d9eb636610e096f86f25d9a46f35a9facac35609a7591b3be3326e99a0484665", [:mix], [], "hexpm", "fec8660eb7733ee4117b85f55799fd3833eb769a6df71ccf8903e8dc5447cfce"},
  "uuid": {:hex, :uuid, "1.1.8", "e22fc04499de0de3ed1116b770c7737779f226ceefa0badb3592e64d5cfb4eb9", [:mix], [], "hexpm", "c790593b4c3b601f5dc2378baae7efaf5b3d73c4c6456ba85759905be792f2ac"},
}
